// !$*UTF8*$!
{
	archiveVersion = 1;
	classes = {
	};
	objectVersion = 50;
	objects = {

/* Begin PBXBuildFile section */
		E50D75E021A245E500B25E05 /* AppDelegate.swift in Sources */ = {isa = PBXBuildFile; fileRef = E50D75DF21A245E500B25E05 /* AppDelegate.swift */; };
		E50D75E521A245E500B25E05 /* Main.storyboard in Resources */ = {isa = PBXBuildFile; fileRef = E50D75E321A245E500B25E05 /* Main.storyboard */; };
		E50D75E721A245EA00B25E05 /* Assets.xcassets in Resources */ = {isa = PBXBuildFile; fileRef = E50D75E621A245EA00B25E05 /* Assets.xcassets */; };
		E50D75EA21A245EA00B25E05 /* LaunchScreen.storyboard in Resources */ = {isa = PBXBuildFile; fileRef = E50D75E821A245EA00B25E05 /* LaunchScreen.storyboard */; };
		E50D75F221A24CC400B25E05 /* RootViewController.swift in Sources */ = {isa = PBXBuildFile; fileRef = E50D75F121A24CC400B25E05 /* RootViewController.swift */; };
		E50D75FA21A2610F00B25E05 /* AppDelegate.swift in Sources */ = {isa = PBXBuildFile; fileRef = E50D75F921A2610F00B25E05 /* AppDelegate.swift */; };
		E50D75FF21A2610F00B25E05 /* Main.storyboard in Resources */ = {isa = PBXBuildFile; fileRef = E50D75FD21A2610F00B25E05 /* Main.storyboard */; };
		E50D760121A2611100B25E05 /* Assets.xcassets in Resources */ = {isa = PBXBuildFile; fileRef = E50D760021A2611100B25E05 /* Assets.xcassets */; };
		E50D760421A2611100B25E05 /* LaunchScreen.storyboard in Resources */ = {isa = PBXBuildFile; fileRef = E50D760221A2611100B25E05 /* LaunchScreen.storyboard */; };
		E50D760A21A2613200B25E05 /* NewsViewController.swift in Sources */ = {isa = PBXBuildFile; fileRef = E50D760921A2613200B25E05 /* NewsViewController.swift */; };
		E50D760C21A2699E00B25E05 /* DetailViewController.swift in Sources */ = {isa = PBXBuildFile; fileRef = E50D760B21A2699E00B25E05 /* DetailViewController.swift */; };
		E50D761421A2877100B25E05 /* AppDelegate.swift in Sources */ = {isa = PBXBuildFile; fileRef = E50D761321A2877100B25E05 /* AppDelegate.swift */; };
		E50D761621A2877100B25E05 /* ViewController.swift in Sources */ = {isa = PBXBuildFile; fileRef = E50D761521A2877100B25E05 /* ViewController.swift */; };
		E50D761921A2877200B25E05 /* Main.storyboard in Resources */ = {isa = PBXBuildFile; fileRef = E50D761721A2877200B25E05 /* Main.storyboard */; };
		E50D761B21A2877C00B25E05 /* Assets.xcassets in Resources */ = {isa = PBXBuildFile; fileRef = E50D761A21A2877C00B25E05 /* Assets.xcassets */; };
		E50D761E21A2877C00B25E05 /* LaunchScreen.storyboard in Resources */ = {isa = PBXBuildFile; fileRef = E50D761C21A2877C00B25E05 /* LaunchScreen.storyboard */; };
		E50D76CA21A3F44D00B25E05 /* DetailViewController.swift in Sources */ = {isa = PBXBuildFile; fileRef = E50D76C921A3F44D00B25E05 /* DetailViewController.swift */; };
/* End PBXBuildFile section */

/* Begin PBXFileReference section */
		E50D75DC21A245E500B25E05 /* XmlParsing1119.app */ = {isa = PBXFileReference; explicitFileType = wrapper.application; includeInIndex = 0; path = XmlParsing1119.app; sourceTree = BUILT_PRODUCTS_DIR; };
		E50D75DF21A245E500B25E05 /* AppDelegate.swift */ = {isa = PBXFileReference; lastKnownFileType = sourcecode.swift; path = AppDelegate.swift; sourceTree = "<group>"; };
		E50D75E421A245E500B25E05 /* Base */ = {isa = PBXFileReference; lastKnownFileType = file.storyboard; name = Base; path = Base.lproj/Main.storyboard; sourceTree = "<group>"; };
		E50D75E621A245EA00B25E05 /* Assets.xcassets */ = {isa = PBXFileReference; lastKnownFileType = folder.assetcatalog; path = Assets.xcassets; sourceTree = "<group>"; };
		E50D75E921A245EA00B25E05 /* Base */ = {isa = PBXFileReference; lastKnownFileType = file.storyboard; name = Base; path = Base.lproj/LaunchScreen.storyboard; sourceTree = "<group>"; };
		E50D75EB21A245EA00B25E05 /* Info.plist */ = {isa = PBXFileReference; lastKnownFileType = text.plist.xml; path = Info.plist; sourceTree = "<group>"; };
		E50D75F121A24CC400B25E05 /* RootViewController.swift */ = {isa = PBXFileReference; lastKnownFileType = sourcecode.swift; path = RootViewController.swift; sourceTree = "<group>"; };
		E50D75F721A2610F00B25E05 /* XmlNews.app */ = {isa = PBXFileReference; explicitFileType = wrapper.application; includeInIndex = 0; path = XmlNews.app; sourceTree = BUILT_PRODUCTS_DIR; };
		E50D75F921A2610F00B25E05 /* AppDelegate.swift */ = {isa = PBXFileReference; lastKnownFileType = sourcecode.swift; path = AppDelegate.swift; sourceTree = "<group>"; };
		E50D75FE21A2610F00B25E05 /* Base */ = {isa = PBXFileReference; lastKnownFileType = file.storyboard; name = Base; path = Base.lproj/Main.storyboard; sourceTree = "<group>"; };
		E50D760021A2611100B25E05 /* Assets.xcassets */ = {isa = PBXFileReference; lastKnownFileType = folder.assetcatalog; path = Assets.xcassets; sourceTree = "<group>"; };
		E50D760321A2611100B25E05 /* Base */ = {isa = PBXFileReference; lastKnownFileType = file.storyboard; name = Base; path = Base.lproj/LaunchScreen.storyboard; sourceTree = "<group>"; };
		E50D760521A2611100B25E05 /* Info.plist */ = {isa = PBXFileReference; lastKnownFileType = text.plist.xml; path = Info.plist; sourceTree = "<group>"; };
		E50D760921A2613200B25E05 /* NewsViewController.swift */ = {isa = PBXFileReference; lastKnownFileType = sourcecode.swift; path = NewsViewController.swift; sourceTree = "<group>"; };
		E50D760B21A2699E00B25E05 /* DetailViewController.swift */ = {isa = PBXFileReference; lastKnownFileType = sourcecode.swift; path = DetailViewController.swift; sourceTree = "<group>"; };
		E50D761121A2877100B25E05 /* JSONParsing.app */ = {isa = PBXFileReference; explicitFileType = wrapper.application; includeInIndex = 0; path = JSONParsing.app; sourceTree = BUILT_PRODUCTS_DIR; };
		E50D761321A2877100B25E05 /* AppDelegate.swift */ = {isa = PBXFileReference; lastKnownFileType = sourcecode.swift; path = AppDelegate.swift; sourceTree = "<group>"; };
		E50D761521A2877100B25E05 /* ViewController.swift */ = {isa = PBXFileReference; lastKnownFileType = sourcecode.swift; path = ViewController.swift; sourceTree = "<group>"; };
		E50D761821A2877200B25E05 /* Base */ = {isa = PBXFileReference; lastKnownFileType = file.storyboard; name = Base; path = Base.lproj/Main.storyboard; sourceTree = "<group>"; };
		E50D761A21A2877C00B25E05 /* Assets.xcassets */ = {isa = PBXFileReference; lastKnownFileType = folder.assetcatalog; path = Assets.xcassets; sourceTree = "<group>"; };
		E50D761D21A2877C00B25E05 /* Base */ = {isa = PBXFileReference; lastKnownFileType = file.storyboard; name = Base; path = Base.lproj/LaunchScreen.storyboard; sourceTree = "<group>"; };
		E50D761F21A2877C00B25E05 /* Info.plist */ = {isa = PBXFileReference; lastKnownFileType = text.plist.xml; path = Info.plist; sourceTree = "<group>"; };
		E50D76C921A3F44D00B25E05 /* DetailViewController.swift */ = {isa = PBXFileReference; lastKnownFileType = sourcecode.swift; path = DetailViewController.swift; sourceTree = "<group>"; };
/* End PBXFileReference section */

/* Begin PBXFrameworksBuildPhase section */
		E50D75D921A245E500B25E05 /* Frameworks */ = {
			isa = PBXFrameworksBuildPhase;
			buildActionMask = 2147483647;
			files = (
			);
			runOnlyForDeploymentPostprocessing = 0;
		};
		E50D75F421A2610F00B25E05 /* Frameworks */ = {
			isa = PBXFrameworksBuildPhase;
			buildActionMask = 2147483647;
			files = (
			);
			runOnlyForDeploymentPostprocessing = 0;
		};
		E50D760E21A2877100B25E05 /* Frameworks */ = {
			isa = PBXFrameworksBuildPhase;
			buildActionMask = 2147483647;
			files = (
			);
			runOnlyForDeploymentPostprocessing = 0;
		};
/* End PBXFrameworksBuildPhase section */

/* Begin PBXGroup section */
		E50D75D321A245E500B25E05 = {
			isa = PBXGroup;
			children = (
				E50D75DE21A245E500B25E05 /* XmlParsing1119 */,
				E50D75F821A2610F00B25E05 /* XmlNews */,
				E50D761221A2877100B25E05 /* JSONParsing */,
				E50D75DD21A245E500B25E05 /* Products */,
			);
			sourceTree = "<group>";
		};
		E50D75DD21A245E500B25E05 /* Products */ = {
			isa = PBXGroup;
			children = (
				E50D75DC21A245E500B25E05 /* XmlParsing1119.app */,
				E50D75F721A2610F00B25E05 /* XmlNews.app */,
				E50D761121A2877100B25E05 /* JSONParsing.app */,
			);
			name = Products;
			sourceTree = "<group>";
		};
		E50D75DE21A245E500B25E05 /* XmlParsing1119 */ = {
			isa = PBXGroup;
			children = (
				E50D75DF21A245E500B25E05 /* AppDelegate.swift */,
				E50D75E321A245E500B25E05 /* Main.storyboard */,
				E50D75E621A245EA00B25E05 /* Assets.xcassets */,
				E50D75E821A245EA00B25E05 /* LaunchScreen.storyboard */,
				E50D75EB21A245EA00B25E05 /* Info.plist */,
				E50D75F121A24CC400B25E05 /* RootViewController.swift */,
				E50D760B21A2699E00B25E05 /* DetailViewController.swift */,
			);
			path = XmlParsing1119;
			sourceTree = "<group>";
		};
		E50D75F821A2610F00B25E05 /* XmlNews */ = {
			isa = PBXGroup;
			children = (
				E50D75F921A2610F00B25E05 /* AppDelegate.swift */,
				E50D75FD21A2610F00B25E05 /* Main.storyboard */,
				E50D760021A2611100B25E05 /* Assets.xcassets */,
				E50D760221A2611100B25E05 /* LaunchScreen.storyboard */,
				E50D760521A2611100B25E05 /* Info.plist */,
				E50D760921A2613200B25E05 /* NewsViewController.swift */,
				E50D76C921A3F44D00B25E05 /* DetailViewController.swift */,
			);
			path = XmlNews;
			sourceTree = "<group>";
		};
		E50D761221A2877100B25E05 /* JSONParsing */ = {
			isa = PBXGroup;
			children = (
				E50D761321A2877100B25E05 /* AppDelegate.swift */,
				E50D761521A2877100B25E05 /* ViewController.swift */,
				E50D761721A2877200B25E05 /* Main.storyboard */,
				E50D761A21A2877C00B25E05 /* Assets.xcassets */,
				E50D761C21A2877C00B25E05 /* LaunchScreen.storyboard */,
				E50D761F21A2877C00B25E05 /* Info.plist */,
			);
			path = JSONParsing;
			sourceTree = "<group>";
		};
/* End PBXGroup section */

/* Begin PBXNativeTarget section */
		E50D75DB21A245E500B25E05 /* XmlParsing1119 */ = {
			isa = PBXNativeTarget;
			buildConfigurationList = E50D75EE21A245EA00B25E05 /* Build configuration list for PBXNativeTarget "XmlParsing1119" */;
			buildPhases = (
				E50D75D821A245E500B25E05 /* Sources */,
				E50D75D921A245E500B25E05 /* Frameworks */,
				E50D75DA21A245E500B25E05 /* Resources */,
			);
			buildRules = (
			);
			dependencies = (
			);
			name = XmlParsing1119;
			productName = XmlParsing1119;
			productReference = E50D75DC21A245E500B25E05 /* XmlParsing1119.app */;
			productType = "com.apple.product-type.application";
		};
		E50D75F621A2610F00B25E05 /* XmlNews */ = {
			isa = PBXNativeTarget;
			buildConfigurationList = E50D760621A2611100B25E05 /* Build configuration list for PBXNativeTarget "XmlNews" */;
			buildPhases = (
				E50D75F321A2610F00B25E05 /* Sources */,
				E50D75F421A2610F00B25E05 /* Frameworks */,
				E50D75F521A2610F00B25E05 /* Resources */,
			);
			buildRules = (
			);
			dependencies = (
			);
			name = XmlNews;
			productName = XmlNews;
			productReference = E50D75F721A2610F00B25E05 /* XmlNews.app */;
			productType = "com.apple.product-type.application";
		};
		E50D761021A2877100B25E05 /* JSONParsing */ = {
			isa = PBXNativeTarget;
			buildConfigurationList = E50D762021A2877C00B25E05 /* Build configuration list for PBXNativeTarget "JSONParsing" */;
			buildPhases = (
				E50D760D21A2877100B25E05 /* Sources */,
				E50D760E21A2877100B25E05 /* Frameworks */,
				E50D760F21A2877100B25E05 /* Resources */,
			);
			buildRules = (
			);
			dependencies = (
			);
			name = JSONParsing;
			productName = JSONParsing;
			productReference = E50D761121A2877100B25E05 /* JSONParsing.app */;
			productType = "com.apple.product-type.application";
		};
/* End PBXNativeTarget section */

/* Begin PBXProject section */
		E50D75D421A245E500B25E05 /* Project object */ = {
			isa = PBXProject;
			attributes = {
				LastSwiftUpdateCheck = 1000;
				LastUpgradeCheck = 1000;
				ORGANIZATIONNAME = "503-14";
				TargetAttributes = {
					E50D75DB21A245E500B25E05 = {
						CreatedOnToolsVersion = 10.0;
					};
					E50D75F621A2610F00B25E05 = {
						CreatedOnToolsVersion = 10.0;
					};
					E50D761021A2877100B25E05 = {
						CreatedOnToolsVersion = 10.0;
					};
				};
			};
			buildConfigurationList = E50D75D721A245E500B25E05 /* Build configuration list for PBXProject "XmlParsing1119" */;
			compatibilityVersion = "Xcode 9.3";
			developmentRegion = en;
			hasScannedForEncodings = 0;
			knownRegions = (
				en,
				Base,
			);
			mainGroup = E50D75D321A245E500B25E05;
			productRefGroup = E50D75DD21A245E500B25E05 /* Products */;
			projectDirPath = "";
			projectRoot = "";
			targets = (
				E50D75DB21A245E500B25E05 /* XmlParsing1119 */,
				E50D75F621A2610F00B25E05 /* XmlNews */,
				E50D761021A2877100B25E05 /* JSONParsing */,
			);
		};
/* End PBXProject section */

/* Begin PBXResourcesBuildPhase section */
		E50D75DA21A245E500B25E05 /* Resources */ = {
			isa = PBXResourcesBuildPhase;
			buildActionMask = 2147483647;
			files = (
				E50D75EA21A245EA00B25E05 /* LaunchScreen.storyboard in Resources */,
				E50D75E721A245EA00B25E05 /* Assets.xcassets in Resources */,
				E50D75E521A245E500B25E05 /* Main.storyboard in Resources */,
			);
			runOnlyForDeploymentPostprocessing = 0;
		};
		E50D75F521A2610F00B25E05 /* Resources */ = {
			isa = PBXResourcesBuildPhase;
			buildActionMask = 2147483647;
			files = (
				E50D760421A2611100B25E05 /* LaunchScreen.storyboard in Resources */,
				E50D760121A2611100B25E05 /* Assets.xcassets in Resources */,
				E50D75FF21A2610F00B25E05 /* Main.storyboard in Resources */,
			);
			runOnlyForDeploymentPostprocessing = 0;
		};
		E50D760F21A2877100B25E05 /* Resources */ = {
			isa = PBXResourcesBuildPhase;
			buildActionMask = 2147483647;
			files = (
				E50D761E21A2877C00B25E05 /* LaunchScreen.storyboard in Resources */,
				E50D761B21A2877C00B25E05 /* Assets.xcassets in Resources */,
				E50D761921A2877200B25E05 /* Main.storyboard in Resources */,
			);
			runOnlyForDeploymentPostprocessing = 0;
		};
/* End PBXResourcesBuildPhase section */

/* Begin PBXSourcesBuildPhase section */
		E50D75D821A245E500B25E05 /* Sources */ = {
			isa = PBXSourcesBuildPhase;
			buildActionMask = 2147483647;
			files = (
				E50D760C21A2699E00B25E05 /* DetailViewController.swift in Sources */,
				E50D75F221A24CC400B25E05 /* RootViewController.swift in Sources */,
				E50D75E021A245E500B25E05 /* AppDelegate.swift in Sources */,
			);
			runOnlyForDeploymentPostprocessing = 0;
		};
		E50D75F321A2610F00B25E05 /* Sources */ = {
			isa = PBXSourcesBuildPhase;
			buildActionMask = 2147483647;
			files = (
				E50D76CA21A3F44D00B25E05 /* DetailViewController.swift in Sources */,
				E50D75FA21A2610F00B25E05 /* AppDelegate.swift in Sources */,
				E50D760A21A2613200B25E05 /* NewsViewController.swift in Sources */,
			);
			runOnlyForDeploymentPostprocessing = 0;
		};
		E50D760D21A2877100B25E05 /* Sources */ = {
			isa = PBXSourcesBuildPhase;
			buildActionMask = 2147483647;
			files = (
				E50D761621A2877100B25E05 /* ViewController.swift in Sources */,
				E50D761421A2877100B25E05 /* AppDelegate.swift in Sources */,
			);
			runOnlyForDeploymentPostprocessing = 0;
		};
/* End PBXSourcesBuildPhase section */

/* Begin PBXVariantGroup section */
		E50D75E321A245E500B25E05 /* Main.storyboard */ = {
			isa = PBXVariantGroup;
			children = (
				E50D75E421A245E500B25E05 /* Base */,
			);
			name = Main.storyboard;
			sourceTree = "<group>";
		};
		E50D75E821A245EA00B25E05 /* LaunchScreen.storyboard */ = {
			isa = PBXVariantGroup;
			children = (
				E50D75E921A245EA00B25E05 /* Base */,
			);
			name = LaunchScreen.storyboard;
			sourceTree = "<group>";
		};
		E50D75FD21A2610F00B25E05 /* Main.storyboard */ = {
			isa = PBXVariantGroup;
			children = (
				E50D75FE21A2610F00B25E05 /* Base */,
			);
			name = Main.storyboard;
			sourceTree = "<group>";
		};
		E50D760221A2611100B25E05 /* LaunchScreen.storyboard */ = {
			isa = PBXVariantGroup;
			children = (
				E50D760321A2611100B25E05 /* Base */,
			);
			name = LaunchScreen.storyboard;
			sourceTree = "<group>";
		};
		E50D761721A2877200B25E05 /* Main.storyboard */ = {
			isa = PBXVariantGroup;
			children = (
				E50D761821A2877200B25E05 /* Base */,
			);
			name = Main.storyboard;
			sourceTree = "<group>";
		};
		E50D761C21A2877C00B25E05 /* LaunchScreen.storyboard */ = {
			isa = PBXVariantGroup;
			children = (
				E50D761D21A2877C00B25E05 /* Base */,
			);
			name = LaunchScreen.storyboard;
			sourceTree = "<group>";
		};
/* End PBXVariantGroup section */

/* Begin XCBuildConfiguration section */
		E50D75EC21A245EA00B25E05 /* Debug */ = {
			isa = XCBuildConfiguration;
			buildSettings = {
				ALWAYS_SEARCH_USER_PATHS = NO;
				CLANG_ANALYZER_NONNULL = YES;
				CLANG_ANALYZER_NUMBER_OBJECT_CONVERSION = YES_AGGRESSIVE;
				CLANG_CXX_LANGUAGE_STANDARD = "gnu++14";
				CLANG_CXX_LIBRARY = "libc++";
				CLANG_ENABLE_MODULES = YES;
				CLANG_ENABLE_OBJC_ARC = YES;
				CLANG_ENABLE_OBJC_WEAK = YES;
				CLANG_WARN_BLOCK_CAPTURE_AUTORELEASING = YES;
				CLANG_WARN_BOOL_CONVERSION = YES;
				CLANG_WARN_COMMA = YES;
				CLANG_WARN_CONSTANT_CONVERSION = YES;
				CLANG_WARN_DEPRECATED_OBJC_IMPLEMENTATIONS = YES;
				CLANG_WARN_DIRECT_OBJC_ISA_USAGE = YES_ERROR;
				CLANG_WARN_DOCUMENTATION_COMMENTS = YES;
				CLANG_WARN_EMPTY_BODY = YES;
				CLANG_WARN_ENUM_CONVERSION = YES;
				CLANG_WARN_INFINITE_RECURSION = YES;
				CLANG_WARN_INT_CONVERSION = YES;
				CLANG_WARN_NON_LITERAL_NULL_CONVERSION = YES;
				CLANG_WARN_OBJC_IMPLICIT_RETAIN_SELF = YES;
				CLANG_WARN_OBJC_LITERAL_CONVERSION = YES;
				CLANG_WARN_OBJC_ROOT_CLASS = YES_ERROR;
				CLANG_WARN_RANGE_LOOP_ANALYSIS = YES;
				CLANG_WARN_STRICT_PROTOTYPES = YES;
				CLANG_WARN_SUSPICIOUS_MOVE = YES;
				CLANG_WARN_UNGUARDED_AVAILABILITY = YES_AGGRESSIVE;
				CLANG_WARN_UNREACHABLE_CODE = YES;
				CLANG_WARN__DUPLICATE_METHOD_MATCH = YES;
				CODE_SIGN_IDENTITY = "iPhone Developer";
				COPY_PHASE_STRIP = NO;
				DEBUG_INFORMATION_FORMAT = dwarf;
				ENABLE_STRICT_OBJC_MSGSEND = YES;
				ENABLE_TESTABILITY = YES;
				GCC_C_LANGUAGE_STANDARD = gnu11;
				GCC_DYNAMIC_NO_PIC = NO;
				GCC_NO_COMMON_BLOCKS = YES;
				GCC_OPTIMIZATION_LEVEL = 0;
				GCC_PREPROCESSOR_DEFINITIONS = (
					"DEBUG=1",
					"$(inherited)",
				);
				GCC_WARN_64_TO_32_BIT_CONVERSION = YES;
				GCC_WARN_ABOUT_RETURN_TYPE = YES_ERROR;
				GCC_WARN_UNDECLARED_SELECTOR = YES;
				GCC_WARN_UNINITIALIZED_AUTOS = YES_AGGRESSIVE;
				GCC_WARN_UNUSED_FUNCTION = YES;
				GCC_WARN_UNUSED_VARIABLE = YES;
				IPHONEOS_DEPLOYMENT_TARGET = 12.0;
				MTL_ENABLE_DEBUG_INFO = INCLUDE_SOURCE;
				MTL_FAST_MATH = YES;
				ONLY_ACTIVE_ARCH = YES;
				SDKROOT = iphoneos;
				SWIFT_ACTIVE_COMPILATION_CONDITIONS = DEBUG;
				SWIFT_OPTIMIZATION_LEVEL = "-Onone";
			};
			name = Debug;
		};
		E50D75ED21A245EA00B25E05 /* Release */ = {
			isa = XCBuildConfiguration;
			buildSettings = {
				ALWAYS_SEARCH_USER_PATHS = NO;
				CLANG_ANALYZER_NONNULL = YES;
				CLANG_ANALYZER_NUMBER_OBJECT_CONVERSION = YES_AGGRESSIVE;
				CLANG_CXX_LANGUAGE_STANDARD = "gnu++14";
				CLANG_CXX_LIBRARY = "libc++";
				CLANG_ENABLE_MODULES = YES;
				CLANG_ENABLE_OBJC_ARC = YES;
				CLANG_ENABLE_OBJC_WEAK = YES;
				CLANG_WARN_BLOCK_CAPTURE_AUTORELEASING = YES;
				CLANG_WARN_BOOL_CONVERSION = YES;
				CLANG_WARN_COMMA = YES;
				CLANG_WARN_CONSTANT_CONVERSION = YES;
				CLANG_WARN_DEPRECATED_OBJC_IMPLEMENTATIONS = YES;
				CLANG_WARN_DIRECT_OBJC_ISA_USAGE = YES_ERROR;
				CLANG_WARN_DOCUMENTATION_COMMENTS = YES;
				CLANG_WARN_EMPTY_BODY = YES;
				CLANG_WARN_ENUM_CONVERSION = YES;
				CLANG_WARN_INFINITE_RECURSION = YES;
				CLANG_WARN_INT_CONVERSION = YES;
				CLANG_WARN_NON_LITERAL_NULL_CONVERSION = YES;
				CLANG_WARN_OBJC_IMPLICIT_RETAIN_SELF = YES;
				CLANG_WARN_OBJC_LITERAL_CONVERSION = YES;
				CLANG_WARN_OBJC_ROOT_CLASS = YES_ERROR;
				CLANG_WARN_RANGE_LOOP_ANALYSIS = YES;
				CLANG_WARN_STRICT_PROTOTYPES = YES;
				CLANG_WARN_SUSPICIOUS_MOVE = YES;
				CLANG_WARN_UNGUARDED_AVAILABILITY = YES_AGGRESSIVE;
				CLANG_WARN_UNREACHABLE_CODE = YES;
				CLANG_WARN__DUPLICATE_METHOD_MATCH = YES;
				CODE_SIGN_IDENTITY = "iPhone Developer";
				COPY_PHASE_STRIP = NO;
				DEBUG_INFORMATION_FORMAT = "dwarf-with-dsym";
				ENABLE_NS_ASSERTIONS = NO;
				ENABLE_STRICT_OBJC_MSGSEND = YES;
				GCC_C_LANGUAGE_STANDARD = gnu11;
				GCC_NO_COMMON_BLOCKS = YES;
				GCC_WARN_64_TO_32_BIT_CONVERSION = YES;
				GCC_WARN_ABOUT_RETURN_TYPE = YES_ERROR;
				GCC_WARN_UNDECLARED_SELECTOR = YES;
				GCC_WARN_UNINITIALIZED_AUTOS = YES_AGGRESSIVE;
				GCC_WARN_UNUSED_FUNCTION = YES;
				GCC_WARN_UNUSED_VARIABLE = YES;
				IPHONEOS_DEPLOYMENT_TARGET = 12.0;
				MTL_ENABLE_DEBUG_INFO = NO;
				MTL_FAST_MATH = YES;
				SDKROOT = iphoneos;
				SWIFT_COMPILATION_MODE = wholemodule;
				SWIFT_OPTIMIZATION_LEVEL = "-O";
				VALIDATE_PRODUCT = YES;
			};
			name = Release;
		};
		E50D75EF21A245EA00B25E05 /* Debug */ = {
			isa = XCBuildConfiguration;
			buildSettings = {
				ASSETCATALOG_COMPILER_APPICON_NAME = AppIcon;
				CODE_SIGN_STYLE = Automatic;
				INFOPLIST_FILE = XmlParsing1119/Info.plist;
				LD_RUNPATH_SEARCH_PATHS = (
					"$(inherited)",
					"@executable_path/Frameworks",
				);
				PRODUCT_BUNDLE_IDENTIFIER = gmail.dhh0089.XmlParsing1119;
				PRODUCT_NAME = "$(TARGET_NAME)";
				SWIFT_VERSION = 4.2;
				TARGETED_DEVICE_FAMILY = "1,2";
			};
			name = Debug;
		};
		E50D75F021A245EA00B25E05 /* Release */ = {
			isa = XCBuildConfiguration;
			buildSettings = {
				ASSETCATALOG_COMPILER_APPICON_NAME = AppIcon;
				CODE_SIGN_STYLE = Automatic;
				INFOPLIST_FILE = XmlParsing1119/Info.plist;
				LD_RUNPATH_SEARCH_PATHS = (
					"$(inherited)",
					"@executable_path/Frameworks",
				);
				PRODUCT_BUNDLE_IDENTIFIER = gmail.dhh0089.XmlParsing1119;
				PRODUCT_NAME = "$(TARGET_NAME)";
				SWIFT_VERSION = 4.2;
				TARGETED_DEVICE_FAMILY = "1,2";
			};
			name = Release;
		};
		E50D760721A2611100B25E05 /* Debug */ = {
			isa = XCBuildConfiguration;
			buildSettings = {
				ASSETCATALOG_COMPILER_APPICON_NAME = AppIcon;
				CODE_SIGN_STYLE = Automatic;
				INFOPLIST_FILE = XmlNews/Info.plist;
				LD_RUNPATH_SEARCH_PATHS = (
					"$(inherited)",
					"@executable_path/Frameworks",
				);
				PRODUCT_BUNDLE_IDENTIFIER = gmail.dhh0089.XmlNews;
				PRODUCT_NAME = "$(TARGET_NAME)";
				SWIFT_VERSION = 4.2;
				TARGETED_DEVICE_FAMILY = "1,2";
			};
			name = Debug;
		};
		E50D760821A2611100B25E05 /* Release */ = {
			isa = XCBuildConfiguration;
			buildSettings = {
				ASSETCATALOG_COMPILER_APPICON_NAME = AppIcon;
				CODE_SIGN_STYLE = Automatic;
				INFOPLIST_FILE = XmlNews/Info.plist;
				LD_RUNPATH_SEARCH_PATHS = (
					"$(inherited)",
					"@executable_path/Frameworks",
				);
				PRODUCT_BUNDLE_IDENTIFIER = gmail.dhh0089.XmlNews;
				PRODUCT_NAME = "$(TARGET_NAME)";
				SWIFT_VERSION = 4.2;
				TARGETED_DEVICE_FAMILY = "1,2";
			};
			name = Release;
		};
		E50D762121A2877C00B25E05 /* Debug */ = {
			isa = XCBuildConfiguration;
			buildSettings = {
				ASSETCATALOG_COMPILER_APPICON_NAME = AppIcon;
				CODE_SIGN_STYLE = Automatic;
				INFOPLIST_FILE = JSONParsing/Info.plist;
				LD_RUNPATH_SEARCH_PATHS = (
					"$(inherited)",
					"@executable_path/Frameworks",
				);
				PRODUCT_BUNDLE_IDENTIFIER = gmail.dhh0089.JSONParsing;
				PRODUCT_NAME = "$(TARGET_NAME)";
				SWIFT_VERSION = 4.2;
				TARGETED_DEVICE_FAMILY = "1,2";
			};
			name = Debug;
		};
		E50D762221A2877C00B25E05 /* Release */ = {
			isa = XCBuildConfiguration;
			buildSettings = {
				ASSETCATALOG_COMPILER_APPICON_NAME = AppIcon;
				CODE_SIGN_STYLE = Automatic;
				INFOPLIST_FILE = JSONParsing/Info.plist;
				LD_RUNPATH_SEARCH_PATHS = (
					"$(inherited)",
					"@executable_path/Frameworks",
				);
				PRODUCT_BUNDLE_IDENTIFIER = gmail.dhh0089.JSONParsing;
				PRODUCT_NAME = "$(TARGET_NAME)";
				SWIFT_VERSION = 4.2;
				TARGETED_DEVICE_FAMILY = "1,2";
			};
			name = Release;
		};
/* End XCBuildConfiguration section */

/* Begin XCConfigurationList section */
		E50D75D721A245E500B25E05 /* Build configuration list for PBXProject "XmlParsing1119" */ = {
			isa = XCConfigurationList;
			buildConfigurations = (
				E50D75EC21A245EA00B25E05 /* Debug */,
				E50D75ED21A245EA00B25E05 /* Release */,
			);
			defaultConfigurationIsVisible = 0;
			defaultConfigurationName = Release;
		};
		E50D75EE21A245EA00B25E05 /* Build configuration list for PBXNativeTarget "XmlParsing1119" */ = {
			isa = XCConfigurationList;
			buildConfigurations = (
				E50D75EF21A245EA00B25E05 /* Debug */,
				E50D75F021A245EA00B25E05 /* Release */,
			);
			defaultConfigurationIsVisible = 0;
			defaultConfigurationName = Release;
		};
		E50D760621A2611100B25E05 /* Build configuration list for PBXNativeTarget "XmlNews" */ = {
			isa = XCConfigurationList;
			buildConfigurations = (
				E50D760721A2611100B25E05 /* Debug */,
				E50D760821A2611100B25E05 /* Release */,
			);
			defaultConfigurationIsVisible = 0;
			defaultConfigurationName = Release;
		};
		E50D762021A2877C00B25E05 /* Build configuration list for PBXNativeTarget "JSONParsing" */ = {
			isa = XCConfigurationList;
			buildConfigurations = (
				E50D762121A2877C00B25E05 /* Debug */,
				E50D762221A2877C00B25E05 /* Release */,
			);
			defaultConfigurationIsVisible = 0;
			defaultConfigurationName = Release;
		};
/* End XCConfigurationList section */
	};
	rootObject = E50D75D421A245E500B25E05 /* Project object */;
}
